Microsoft Visual Studio Solution File, Format Version 11.00
# Visual Studio 2008

Project("{B5ECCA82-5AA2-03AF-764B-805146333B3A}") = "WhatTheTruck", "Assembly-CSharp.csproj", "{CF04FAA0-4218-AAC1-AE85-9EB1688DC2D2}"
EndProject
Global
	GlobalSection(SolutionConfigurationPlatforms) = preSolution
		Debug|Any CPU = Debug|Any CPU
		Release|Any CPU = Release|Any CPU
	EndGlobalSection
	GlobalSection(ProjectConfigurationPlatforms) = postSolution
		{CF04FAA0-4218-AAC1-AE85-9EB1688DC2D2}.Debug|Any CPU.ActiveCfg = Debug|Any CPU
		{CF04FAA0-4218-AAC1-AE85-9EB1688DC2D2}.Debug|Any CPU.Build.0 = Debug|Any CPU
		{CF04FAA0-4218-AAC1-AE85-9EB1688DC2D2}.Release|Any CPU.ActiveCfg = Release|Any CPU
		{CF04FAA0-4218-AAC1-AE85-9EB1688DC2D2}.Release|Any CPU.Build.0 = Release|Any CPU
	EndGlobalSection
	GlobalSection(SolutionProperties) = preSolution
		HideSolutionNode = FALSE
	EndGlobalSection
	GlobalSection(MonoDevelopProperties) = preSolution
		StartupItem = Assembly-CSharp.csproj
	EndGlobalSection
EndGlobal
