Microsoft Visual Studio Solution File, Format Version 11.00
# Visual Studio 2008

Project("{C6EE5055-9089-C98A-0EEA-880B72BF8397}") = "WTTMiniGameAssests", "Assembly-CSharp.csproj", "{B43F522B-53A6-60BD-D445-A3337EA08007}"
EndProject
Global
	GlobalSection(SolutionConfigurationPlatforms) = preSolution
		Debug|Any CPU = Debug|Any CPU
		Release|Any CPU = Release|Any CPU
	EndGlobalSection
	GlobalSection(ProjectConfigurationPlatforms) = postSolution
		{B43F522B-53A6-60BD-D445-A3337EA08007}.Debug|Any CPU.ActiveCfg = Debug|Any CPU
		{B43F522B-53A6-60BD-D445-A3337EA08007}.Debug|Any CPU.Build.0 = Debug|Any CPU
		{B43F522B-53A6-60BD-D445-A3337EA08007}.Release|Any CPU.ActiveCfg = Release|Any CPU
		{B43F522B-53A6-60BD-D445-A3337EA08007}.Release|Any CPU.Build.0 = Release|Any CPU
	EndGlobalSection
	GlobalSection(SolutionProperties) = preSolution
		HideSolutionNode = FALSE
	EndGlobalSection
	GlobalSection(MonoDevelopProperties) = preSolution
		StartupItem = Assembly-CSharp.csproj
	EndGlobalSection
EndGlobal
